
Microsoft Visual Studio Solution File, Format Version 12.00
# Visual Studio Version 16
VisualStudioVersion = 16.0.31321.278
MinimumVisualStudioVersion = 10.0.40219.1
Project("{9A19103F-16F7-4668-BE54-9A1E7A4F7556}") = "ServiceFlow.Webhost", "ServiceFlow.Webhost\ServiceFlow.Webhost.csproj", "{6062F8F5-340A-41F9-B47C-80C215149EB3}"
EndProject
Project("{9A19103F-16F7-4668-BE54-9A1E7A4F7556}") = "ServiceFlow.DataAccess", "ServiceFlow.DataAccess\ServiceFlow.DataAccess.csproj", "{9C9058D9-D18D-4757-A77F-D2DE20E45B02}"
EndProject
Project("{9A19103F-16F7-4668-BE54-9A1E7A4F7556}") = "ServiceFlow.Domain", "ServiceFlow.Domain\ServiceFlow.Domain.csproj", "{16221CCD-564F-4BB7-9580-88BD7180082B}"
EndProject
Project("{FAE04EC0-301F-11D3-BF4B-00C04F79EFBC}") = "ServiceFlow.Common", "ServiceFlow.Common\ServiceFlow.Common.csproj", "{3ED72D1E-99B5-40D5-B362-923FFEE05835}"
EndProject
Global
	GlobalSection(SolutionConfigurationPlatforms) = preSolution
		Debug|Any CPU = Debug|Any CPU
		Release|Any CPU = Release|Any CPU
	EndGlobalSection
	GlobalSection(ProjectConfigurationPlatforms) = postSolution
		{6062F8F5-340A-41F9-B47C-80C215149EB3}.Debug|Any CPU.ActiveCfg = Debug|Any CPU
		{6062F8F5-340A-41F9-B47C-80C215149EB3}.Debug|Any CPU.Build.0 = Debug|Any CPU
		{6062F8F5-340A-41F9-B47C-80C215149EB3}.Release|Any CPU.ActiveCfg = Release|Any CPU
		{6062F8F5-340A-41F9-B47C-80C215149EB3}.Release|Any CPU.Build.0 = Release|Any CPU
		{9C9058D9-D18D-4757-A77F-D2DE20E45B02}.Debug|Any CPU.ActiveCfg = Debug|Any CPU
		{9C9058D9-D18D-4757-A77F-D2DE20E45B02}.Debug|Any CPU.Build.0 = Debug|Any CPU
		{9C9058D9-D18D-4757-A77F-D2DE20E45B02}.Release|Any CPU.ActiveCfg = Release|Any CPU
		{9C9058D9-D18D-4757-A77F-D2DE20E45B02}.Release|Any CPU.Build.0 = Release|Any CPU
		{16221CCD-564F-4BB7-9580-88BD7180082B}.Debug|Any CPU.ActiveCfg = Debug|Any CPU
		{16221CCD-564F-4BB7-9580-88BD7180082B}.Debug|Any CPU.Build.0 = Debug|Any CPU
		{16221CCD-564F-4BB7-9580-88BD7180082B}.Release|Any CPU.ActiveCfg = Release|Any CPU
		{16221CCD-564F-4BB7-9580-88BD7180082B}.Release|Any CPU.Build.0 = Release|Any CPU
		{3ED72D1E-99B5-40D5-B362-923FFEE05835}.Debug|Any CPU.ActiveCfg = Debug|Any CPU
		{3ED72D1E-99B5-40D5-B362-923FFEE05835}.Debug|Any CPU.Build.0 = Debug|Any CPU
		{3ED72D1E-99B5-40D5-B362-923FFEE05835}.Release|Any CPU.ActiveCfg = Release|Any CPU
		{3ED72D1E-99B5-40D5-B362-923FFEE05835}.Release|Any CPU.Build.0 = Release|Any CPU
	EndGlobalSection
	GlobalSection(SolutionProperties) = preSolution
		HideSolutionNode = FALSE
	EndGlobalSection
	GlobalSection(ExtensibilityGlobals) = postSolution
		SolutionGuid = {8CB71184-9F1E-43BD-A345-A17EAD04BBA1}
	EndGlobalSection
EndGlobal
